
Microsoft Visual Studio Solution File, Format Version 12.00
# Visual Studio 14
VisualStudioVersion = 14.0.25420.1
MinimumVisualStudioVersion = 10.0.40219.1
Project("{FAE04EC0-301F-11D3-BF4B-00C04F79EFBC}") = "PartTimeJob", "PartTimeJob\PartTimeJob.csproj", "{24E89761-1FE8-4F30-AB8A-345A173863B3}"
EndProject
Project("{FAE04EC0-301F-11D3-BF4B-00C04F79EFBC}") = "PartTimeJob.Tests", "PartTimeJob.Tests\PartTimeJob.Tests.csproj", "{969F5EBC-1B42-4A8A-90EA-DDB20EC0423E}"
EndProject
Global
	GlobalSection(SolutionConfigurationPlatforms) = preSolution
		Debug|Any CPU = Debug|Any CPU
		Release|Any CPU = Release|Any CPU
	EndGlobalSection
	GlobalSection(ProjectConfigurationPlatforms) = postSolution
		{24E89761-1FE8-4F30-AB8A-345A173863B3}.Debug|Any CPU.ActiveCfg = Debug|Any CPU
		{24E89761-1FE8-4F30-AB8A-345A173863B3}.Debug|Any CPU.Build.0 = Debug|Any CPU
		{24E89761-1FE8-4F30-AB8A-345A173863B3}.Release|Any CPU.ActiveCfg = Release|Any CPU
		{24E89761-1FE8-4F30-AB8A-345A173863B3}.Release|Any CPU.Build.0 = Release|Any CPU
		{969F5EBC-1B42-4A8A-90EA-DDB20EC0423E}.Debug|Any CPU.ActiveCfg = Debug|Any CPU
		{969F5EBC-1B42-4A8A-90EA-DDB20EC0423E}.Debug|Any CPU.Build.0 = Debug|Any CPU
		{969F5EBC-1B42-4A8A-90EA-DDB20EC0423E}.Release|Any CPU.ActiveCfg = Release|Any CPU
		{969F5EBC-1B42-4A8A-90EA-DDB20EC0423E}.Release|Any CPU.Build.0 = Release|Any CPU
	EndGlobalSection
	GlobalSection(SolutionProperties) = preSolution
		HideSolutionNode = FALSE
	EndGlobalSection
EndGlobal
